
Microsoft Visual Studio Solution File, Format Version 12.00
# Visual Studio Version 17
VisualStudioVersion = 17.6.33829.357
MinimumVisualStudioVersion = 10.0.40219.1
Project("{FAE04EC0-301F-11D3-BF4B-00C04F79EFBC}") = "Lab1", "ConsoleApp1\Lab1.csproj", "{ED58F97A-FAF4-4294-8B23-3AB31CE22891}"
EndProject
Project("{FAE04EC0-301F-11D3-BF4B-00C04F79EFBC}") = "Lab2", "Lab2\Lab2.csproj", "{C7F50306-C091-4B9A-9B39-B7B63ED01892}"
EndProject
Project("{FAE04EC0-301F-11D3-BF4B-00C04F79EFBC}") = "Homework", "Homework\Homework.csproj", "{07EFFF68-6B74-4651-9DEA-AF567005E10C}"
EndProject
Global
	GlobalSection(SolutionConfigurationPlatforms) = preSolution
		Debug|Any CPU = Debug|Any CPU
		Release|Any CPU = Release|Any CPU
	EndGlobalSection
	GlobalSection(ProjectConfigurationPlatforms) = postSolution
		{ED58F97A-FAF4-4294-8B23-3AB31CE22891}.Debug|Any CPU.ActiveCfg = Debug|Any CPU
		{ED58F97A-FAF4-4294-8B23-3AB31CE22891}.Debug|Any CPU.Build.0 = Debug|Any CPU
		{ED58F97A-FAF4-4294-8B23-3AB31CE22891}.Release|Any CPU.ActiveCfg = Release|Any CPU
		{ED58F97A-FAF4-4294-8B23-3AB31CE22891}.Release|Any CPU.Build.0 = Release|Any CPU
		{C7F50306-C091-4B9A-9B39-B7B63ED01892}.Debug|Any CPU.ActiveCfg = Debug|Any CPU
		{C7F50306-C091-4B9A-9B39-B7B63ED01892}.Debug|Any CPU.Build.0 = Debug|Any CPU
		{C7F50306-C091-4B9A-9B39-B7B63ED01892}.Release|Any CPU.ActiveCfg = Release|Any CPU
		{C7F50306-C091-4B9A-9B39-B7B63ED01892}.Release|Any CPU.Build.0 = Release|Any CPU
		{07EFFF68-6B74-4651-9DEA-AF567005E10C}.Debug|Any CPU.ActiveCfg = Debug|Any CPU
		{07EFFF68-6B74-4651-9DEA-AF567005E10C}.Debug|Any CPU.Build.0 = Debug|Any CPU
		{07EFFF68-6B74-4651-9DEA-AF567005E10C}.Release|Any CPU.ActiveCfg = Release|Any CPU
		{07EFFF68-6B74-4651-9DEA-AF567005E10C}.Release|Any CPU.Build.0 = Release|Any CPU
	EndGlobalSection
	GlobalSection(SolutionProperties) = preSolution
		HideSolutionNode = FALSE
	EndGlobalSection
	GlobalSection(ExtensibilityGlobals) = postSolution
		SolutionGuid = {B5CF501F-19EE-4577-869E-8710535E4CCF}
	EndGlobalSection
EndGlobal
